// !$*UTF8*$!
{
	archiveVersion = 1;
	classes = {
	};
	objectVersion = 56;
	objects = {

/* Begin PBXBuildFile section */
		0913C4282A4875E4007AF26E /* DynamicText.swift in Sources */ = {isa = PBXBuildFile; fileRef = 0913C4272A4875E4007AF26E /* DynamicText.swift */; };
		0913C42B2A48766C007AF26E /* DynamicText+Placeholder.swift in Sources */ = {isa = PBXBuildFile; fileRef = 0913C42A2A48766C007AF26E /* DynamicText+Placeholder.swift */; };
		0913C42F2A4882E3007AF26E /* WeatherConditionAsset.swift in Sources */ = {isa = PBXBuildFile; fileRef = 0913C42E2A4882E3007AF26E /* WeatherConditionAsset.swift */; };
		091703FB2A63FEB10025C0FB /* CustomShapeObject.swift in Sources */ = {isa = PBXBuildFile; fileRef = 091703FA2A63FEB10025C0FB /* CustomShapeObject.swift */; };
		091703FD2A63FF4F0025C0FB /* TemplateLayerObject.swift in Sources */ = {isa = PBXBuildFile; fileRef = 091703FC2A63FF4F0025C0FB /* TemplateLayerObject.swift */; };
		0940CCF32A6860DC009CE54C /* LayerObjectType.swift in Sources */ = {isa = PBXBuildFile; fileRef = 0940CCF22A6860DC009CE54C /* LayerObjectType.swift */; };
		095847F02A72C37B0069DAEE /* Playground.swift in Sources */ = {isa = PBXBuildFile; fileRef = 095847EF2A72C37B0069DAEE /* Playground.swift */; };
		0972742F2A4C809B00429786 /* LayerObject.swift in Sources */ = {isa = PBXBuildFile; fileRef = 0972742E2A4C809B00429786 /* LayerObject.swift */; };
		097274312A4C820C00429786 /* LayerObject+Appearance.swift in Sources */ = {isa = PBXBuildFile; fileRef = 097274302A4C820C00429786 /* LayerObject+Appearance.swift */; };
		097274332A4C854B00429786 /* TextObject.swift in Sources */ = {isa = PBXBuildFile; fileRef = 097274322A4C854B00429786 /* TextObject.swift */; };
		097274352A4DDCCB00429786 /* ShadowSettings.swift in Sources */ = {isa = PBXBuildFile; fileRef = 097274342A4DDCCB00429786 /* ShadowSettings.swift */; };
		097274372A4DE01700429786 /* LayerObjectAppearanceModifier.swift in Sources */ = {isa = PBXBuildFile; fileRef = 097274362A4DE01700429786 /* LayerObjectAppearanceModifier.swift */; };
		3E222AFA2A659CBD001EC288 /* SliderStepper.swift in Sources */ = {isa = PBXBuildFile; fileRef = 3E222AF92A659CBD001EC288 /* SliderStepper.swift */; };
		3E3421272A73F37700CFAD27 /* ImportedImageView.swift in Sources */ = {isa = PBXBuildFile; fileRef = 3E3421262A73F37700CFAD27 /* ImportedImageView.swift */; };
		3E3421292A74189300CFAD27 /* ImageTrashButtonView.swift in Sources */ = {isa = PBXBuildFile; fileRef = 3E3421282A74189300CFAD27 /* ImageTrashButtonView.swift */; };
		3E371CD72A66807A00DE743C /* Feedback.swift in Sources */ = {isa = PBXBuildFile; fileRef = 3E371CD62A66807A00DE743C /* Feedback.swift */; };
		3E371CD92A6689C800DE743C /* MapObject.swift in Sources */ = {isa = PBXBuildFile; fileRef = 3E371CD82A6689C800DE743C /* MapObject.swift */; };
		3E371CDB2A668DD400DE743C /* ResetValues.swift in Sources */ = {isa = PBXBuildFile; fileRef = 3E371CDA2A668DD400DE743C /* ResetValues.swift */; };
		3E371CDD2A66932900DE743C /* CircleGaugeObject.swift in Sources */ = {isa = PBXBuildFile; fileRef = 3E371CDC2A66932900DE743C /* CircleGaugeObject.swift */; };
		3E371CDF2A66B10500DE743C /* BatteryCircleGauge.swift in Sources */ = {isa = PBXBuildFile; fileRef = 3E371CDE2A66B10500DE743C /* BatteryCircleGauge.swift */; };
		3E371CE42A66C8FF00DE743C /* CustomToggle.swift in Sources */ = {isa = PBXBuildFile; fileRef = 3E371CE32A66C8FF00DE743C /* CustomToggle.swift */; };
		3E371CE72A66E2E000DE743C /* CustomColorPicker.swift in Sources */ = {isa = PBXBuildFile; fileRef = 3E371CE62A66E2E000DE743C /* CustomColorPicker.swift */; };
		3E41D3162A42EB6A00A29548 /* WeatherKitModel.swift in Sources */ = {isa = PBXBuildFile; fileRef = 3E41D3152A42EB6A00A29548 /* WeatherKitModel.swift */; };
		3E41D3182A42F71900A29548 /* BatteryBar.swift in Sources */ = {isa = PBXBuildFile; fileRef = 3E41D3172A42F71900A29548 /* BatteryBar.swift */; };
		3E4A13C62A73BF9200B055AD /* ObjectSelectionView.swift in Sources */ = {isa = PBXBuildFile; fileRef = 3E4A13C52A73BF9200B055AD /* ObjectSelectionView.swift */; };
		3E4E6B492A4B733C00942494 /* DynamicTextEditView.swift in Sources */ = {isa = PBXBuildFile; fileRef = 3E4E6B482A4B733C00942494 /* DynamicTextEditView.swift */; };
		3E546A712A69526500AE1ED7 /* CustomSlider.swift in Sources */ = {isa = PBXBuildFile; fileRef = 3E546A702A69526500AE1ED7 /* CustomSlider.swift */; };
		3E546A732A69672100AE1ED7 /* SettingsFonts.swift in Sources */ = {isa = PBXBuildFile; fileRef = 3E546A722A69672100AE1ED7 /* SettingsFonts.swift */; };
		3E61FC052A49D2D500BABEA5 /* FullScreenCoverImagePickerViews.swift in Sources */ = {isa = PBXBuildFile; fileRef = 3E61FC042A49D2D500BABEA5 /* FullScreenCoverImagePickerViews.swift */; };
		3E73E5272A6E7CB100DBE1D2 /* MapSettings.swift in Sources */ = {isa = PBXBuildFile; fileRef = 3E73E5262A6E7CB100DBE1D2 /* MapSettings.swift */; };
		3E83AABC2A6A848A00E344C9 /* SliderStepperDegrees.swift in Sources */ = {isa = PBXBuildFile; fileRef = 3E83AABB2A6A848A00E344C9 /* SliderStepperDegrees.swift */; };
		3E83AABE2A6A86E100E344C9 /* CustomShape.swift in Sources */ = {isa = PBXBuildFile; fileRef = 3E83AABD2A6A86E100E344C9 /* CustomShape.swift */; };
		3E88498A2A41D47800B50BBD /* ShowBoardApp.swift in Sources */ = {isa = PBXBuildFile; fileRef = 3E8849892A41D47800B50BBD /* ShowBoardApp.swift */; };
		3E88498C2A41D47800B50BBD /* ContentView.swift in Sources */ = {isa = PBXBuildFile; fileRef = 3E88498B2A41D47800B50BBD /* ContentView.swift */; };
		3E88498E2A41D47800B50BBD /* Assets.xcassets in Resources */ = {isa = PBXBuildFile; fileRef = 3E88498D2A41D47800B50BBD /* Assets.xcassets */; };
		3E8849922A41D47800B50BBD /* Preview Assets.xcassets in Resources */ = {isa = PBXBuildFile; fileRef = 3E8849912A41D47800B50BBD /* Preview Assets.xcassets */; };
		3E88499C2A41D47800B50BBD /* ShowBoardTests.swift in Sources */ = {isa = PBXBuildFile; fileRef = 3E88499B2A41D47800B50BBD /* ShowBoardTests.swift */; };
		3E8849A62A41D47800B50BBD /* ShowBoardUITests.swift in Sources */ = {isa = PBXBuildFile; fileRef = 3E8849A52A41D47800B50BBD /* ShowBoardUITests.swift */; };
		3E8849A82A41D47800B50BBD /* ShowBoardUITestsLaunchTests.swift in Sources */ = {isa = PBXBuildFile; fileRef = 3E8849A72A41D47800B50BBD /* ShowBoardUITestsLaunchTests.swift */; };
		3E8849B52A41D49400B50BBD /* LocationDataManager.swift in Sources */ = {isa = PBXBuildFile; fileRef = 3E8849B42A41D49400B50BBD /* LocationDataManager.swift */; };
		3E8849BD2A41D5A500B50BBD /* BatteryModel.swift in Sources */ = {isa = PBXBuildFile; fileRef = 3E8849BC2A41D5A500B50BBD /* BatteryModel.swift */; };
		3E8849BF2A41D5BB00B50BBD /* PersistentOverlays.swift in Sources */ = {isa = PBXBuildFile; fileRef = 3E8849BE2A41D5BB00B50BBD /* PersistentOverlays.swift */; };
		3E8849C12A41D5C600B50BBD /* PhotosPicker.swift in Sources */ = {isa = PBXBuildFile; fileRef = 3E8849C02A41D5C600B50BBD /* PhotosPicker.swift */; };
		3E8849C52A41D61D00B50BBD /* HexColour.swift in Sources */ = {isa = PBXBuildFile; fileRef = 3E8849C42A41D61D00B50BBD /* HexColour.swift */; };
		3E8849C72A41D66400B50BBD /* ShowBoardView.swift in Sources */ = {isa = PBXBuildFile; fileRef = 3E8849C62A41D66400B50BBD /* ShowBoardView.swift */; };
		3E8B70012A4CCBBC00242998 /* PressableButtonView.swift in Sources */ = {isa = PBXBuildFile; fileRef = 3E8B70002A4CCBBC00242998 /* PressableButtonView.swift */; };
		3EADA59C2A4315CC00FA1BCB /* Autone.ttf in Resources */ = {isa = PBXBuildFile; fileRef = 3EADA59B2A4315CC00FA1BCB /* Autone.ttf */; };
		3EADA5A92A432BE900FA1BCB /* MenuButtonsView.swift in Sources */ = {isa = PBXBuildFile; fileRef = 3EADA5A82A432BE900FA1BCB /* MenuButtonsView.swift */; };
		3EADA5AB2A432C6D00FA1BCB /* performDelayedAction.swift in Sources */ = {isa = PBXBuildFile; fileRef = 3EADA5AA2A432C6D00FA1BCB /* performDelayedAction.swift */; };
		3EADA5AD2A432DD000FA1BCB /* CopyToClipboard.swift in Sources */ = {isa = PBXBuildFile; fileRef = 3EADA5AC2A432DD000FA1BCB /* CopyToClipboard.swift */; };
		3EADA5AF2A43300B00FA1BCB /* RunShortcut.swift in Sources */ = {isa = PBXBuildFile; fileRef = 3EADA5AE2A43300B00FA1BCB /* RunShortcut.swift */; };
		3EADA5B12A4332C700FA1BCB /* BackgroundView.swift in Sources */ = {isa = PBXBuildFile; fileRef = 3EADA5B02A4332C700FA1BCB /* BackgroundView.swift */; };
		3EADA5B62A433EBF00FA1BCB /* WidgetModifier.swift in Sources */ = {isa = PBXBuildFile; fileRef = 3EADA5B52A433EBF00FA1BCB /* WidgetModifier.swift */; };
		3EADA5B82A433EE300FA1BCB /* AlertModifier.swift in Sources */ = {isa = PBXBuildFile; fileRef = 3EADA5B72A433EE300FA1BCB /* AlertModifier.swift */; };
		3EADA5BA2A43433D00FA1BCB /* GridOverlay.swift in Sources */ = {isa = PBXBuildFile; fileRef = 3EADA5B92A43433D00FA1BCB /* GridOverlay.swift */; };
		3EADA5C12A438A5D00FA1BCB /* ZoomModifier.swift in Sources */ = {isa = PBXBuildFile; fileRef = 3EADA5C02A438A5D00FA1BCB /* ZoomModifier.swift */; };
		3EADA5C32A438EDF00FA1BCB /* RotateModifier.swift in Sources */ = {isa = PBXBuildFile; fileRef = 3EADA5C22A438EDF00FA1BCB /* RotateModifier.swift */; };
		3EB671982A4EF20A00DF2678 /* GroupView.swift in Sources */ = {isa = PBXBuildFile; fileRef = 3EB671972A4EF20A00DF2678 /* GroupView.swift */; };
		3EB6719A2A4EF77300DF2678 /* FadeOnAppear.swift in Sources */ = {isa = PBXBuildFile; fileRef = 3EB671992A4EF77300DF2678 /* FadeOnAppear.swift */; };
		3EBF306C2A6EBE3D004C12B5 /* CustomPresentation.swift in Sources */ = {isa = PBXBuildFile; fileRef = 3EBF306B2A6EBE3D004C12B5 /* CustomPresentation.swift */; };
		3EBF306E2A6EC9A8004C12B5 /* CustomBlendModePicker.swift in Sources */ = {isa = PBXBuildFile; fileRef = 3EBF306D2A6EC9A8004C12B5 /* CustomBlendModePicker.swift */; };
		3EBF30702A6ECB41004C12B5 /* CustomFontPicker.swift in Sources */ = {isa = PBXBuildFile; fileRef = 3EBF306F2A6ECB41004C12B5 /* CustomFontPicker.swift */; };
		3EBF30722A6ECD4B004C12B5 /* DynamicTextEditViewSettings.swift in Sources */ = {isa = PBXBuildFile; fileRef = 3EBF30712A6ECD4B004C12B5 /* DynamicTextEditViewSettings.swift */; };
		3EBF30782A6ED557004C12B5 /* BatteryCircleGaugeSettings.swift in Sources */ = {isa = PBXBuildFile; fileRef = 3EBF30772A6ED557004C12B5 /* BatteryCircleGaugeSettings.swift */; };
		3ECBE35E2A6E94FD004B59F2 /* TransparentBlurView.swift in Sources */ = {isa = PBXBuildFile; fileRef = 3ECBE35D2A6E94FD004B59F2 /* TransparentBlurView.swift */; };
		3ECBE3602A6E9D8C004B59F2 /* GlassShapeSettings.swift in Sources */ = {isa = PBXBuildFile; fileRef = 3ECBE35F2A6E9D8C004B59F2 /* GlassShapeSettings.swift */; };
		3ECBE3622A6EAFFA004B59F2 /* CustomShapeSettings.swift in Sources */ = {isa = PBXBuildFile; fileRef = 3ECBE3612A6EAFFA004B59F2 /* CustomShapeSettings.swift */; };
		3ECC34972A4C1F6B008794BC /* MapView.swift in Sources */ = {isa = PBXBuildFile; fileRef = 3ECC34962A4C1F6B008794BC /* MapView.swift */; };
		3ECC34A62A4C3866008794BC /* ModernAge.ttf in Resources */ = {isa = PBXBuildFile; fileRef = 3ECC34A52A4C3866008794BC /* ModernAge.ttf */; };
		3ECC34A82A4C40A3008794BC /* PositionButton.swift in Sources */ = {isa = PBXBuildFile; fileRef = 3ECC34A72A4C40A3008794BC /* PositionButton.swift */; };
		3ECC34AA2A4C40C1008794BC /* SettingsButton.swift in Sources */ = {isa = PBXBuildFile; fileRef = 3ECC34A92A4C40C1008794BC /* SettingsButton.swift */; };
		3ECC34AD2A4C6153008794BC /* ScaleButton.swift in Sources */ = {isa = PBXBuildFile; fileRef = 3ECC34AC2A4C6153008794BC /* ScaleButton.swift */; };
		3ECC34AF2A4C619F008794BC /* MicroControlsView.swift in Sources */ = {isa = PBXBuildFile; fileRef = 3ECC34AE2A4C619F008794BC /* MicroControlsView.swift */; };
		3ECC34B12A4C6905008794BC /* VerticalDragModifier.swift in Sources */ = {isa = PBXBuildFile; fileRef = 3ECC34B02A4C6905008794BC /* VerticalDragModifier.swift */; };
		3ED771E02A4AEE6B00AFC1FC /* CustomShapeView.swift in Sources */ = {isa = PBXBuildFile; fileRef = 3ED771DF2A4AEE6B00AFC1FC /* CustomShapeView.swift */; };
		3ED771E52A4AFE4300AFC1FC /* MapExtensionView.swift in Sources */ = {isa = PBXBuildFile; fileRef = 3ED771E42A4AFE4300AFC1FC /* MapExtensionView.swift */; };
		3ED771E72A4B185000AFC1FC /* GlassShapeView.swift in Sources */ = {isa = PBXBuildFile; fileRef = 3ED771E62A4B185000AFC1FC /* GlassShapeView.swift */; };
		3ED771E92A4B2AB600AFC1FC /* LayerButton.swift in Sources */ = {isa = PBXBuildFile; fileRef = 3ED771E82A4B2AB600AFC1FC /* LayerButton.swift */; };
		3ED771EB2A4B356C00AFC1FC /* LayerBackButton.swift in Sources */ = {isa = PBXBuildFile; fileRef = 3ED771EA2A4B356C00AFC1FC /* LayerBackButton.swift */; };
		3EDBEBFE2A710806003856DA /* HeartButton.swift in Sources */ = {isa = PBXBuildFile; fileRef = 3EDBEBFD2A710806003856DA /* HeartButton.swift */; };
		3EDE6B722A4DB4DD003ACC2B /* URLImagesGallery.swift in Sources */ = {isa = PBXBuildFile; fileRef = 3EDE6B712A4DB4DD003ACC2B /* URLImagesGallery.swift */; };
		3EEB89942A49F02300CF42AB /* LayerEditView.swift in Sources */ = {isa = PBXBuildFile; fileRef = 3EEB89932A49F02300CF42AB /* LayerEditView.swift */; };
		3EFAB1832A45C8CF001A9BC7 /* SheetPresentedViews.swift in Sources */ = {isa = PBXBuildFile; fileRef = 3EFAB1822A45C8CF001A9BC7 /* SheetPresentedViews.swift */; };
/* End PBXBuildFile section */

/* Begin PBXContainerItemProxy section */
		3E8849982A41D47800B50BBD /* PBXContainerItemProxy */ = {
			isa = PBXContainerItemProxy;
			containerPortal = 3E88497E2A41D47800B50BBD /* Project object */;
			proxyType = 1;
			remoteGlobalIDString = 3E8849852A41D47800B50BBD;
			remoteInfo = ShowBoard;
		};
		3E8849A22A41D47800B50BBD /* PBXContainerItemProxy */ = {
			isa = PBXContainerItemProxy;
			containerPortal = 3E88497E2A41D47800B50BBD /* Project object */;
			proxyType = 1;
			remoteGlobalIDString = 3E8849852A41D47800B50BBD;
			remoteInfo = ShowBoard;
		};
/* End PBXContainerItemProxy section */

/* Begin PBXFileReference section */
		0913C4272A4875E4007AF26E /* DynamicText.swift */ = {isa = PBXFileReference; lastKnownFileType = sourcecode.swift; path = DynamicText.swift; sourceTree = "<group>"; };
		0913C42A2A48766C007AF26E /* DynamicText+Placeholder.swift */ = {isa = PBXFileReference; lastKnownFileType = sourcecode.swift; path = "DynamicText+Placeholder.swift"; sourceTree = "<group>"; };
		0913C42E2A4882E3007AF26E /* WeatherConditionAsset.swift */ = {isa = PBXFileReference; lastKnownFileType = sourcecode.swift; path = WeatherConditionAsset.swift; sourceTree = "<group>"; };
		091703FA2A63FEB10025C0FB /* CustomShapeObject.swift */ = {isa = PBXFileReference; lastKnownFileType = sourcecode.swift; path = CustomShapeObject.swift; sourceTree = "<group>"; };
		091703FC2A63FF4F0025C0FB /* TemplateLayerObject.swift */ = {isa = PBXFileReference; lastKnownFileType = sourcecode.swift; path = TemplateLayerObject.swift; sourceTree = "<group>"; };
		0940CCF22A6860DC009CE54C /* LayerObjectType.swift */ = {isa = PBXFileReference; lastKnownFileType = sourcecode.swift; path = LayerObjectType.swift; sourceTree = "<group>"; };
		095847EF2A72C37B0069DAEE /* Playground.swift */ = {isa = PBXFileReference; lastKnownFileType = sourcecode.swift; path = Playground.swift; sourceTree = "<group>"; };
		0972742E2A4C809B00429786 /* LayerObject.swift */ = {isa = PBXFileReference; lastKnownFileType = sourcecode.swift; path = LayerObject.swift; sourceTree = "<group>"; };
		097274302A4C820C00429786 /* LayerObject+Appearance.swift */ = {isa = PBXFileReference; lastKnownFileType = sourcecode.swift; path = "LayerObject+Appearance.swift"; sourceTree = "<group>"; };
		097274322A4C854B00429786 /* TextObject.swift */ = {isa = PBXFileReference; lastKnownFileType = sourcecode.swift; path = TextObject.swift; sourceTree = "<group>"; };
		097274342A4DDCCB00429786 /* ShadowSettings.swift */ = {isa = PBXFileReference; lastKnownFileType = sourcecode.swift; path = ShadowSettings.swift; sourceTree = "<group>"; };
		097274362A4DE01700429786 /* LayerObjectAppearanceModifier.swift */ = {isa = PBXFileReference; lastKnownFileType = sourcecode.swift; path = LayerObjectAppearanceModifier.swift; sourceTree = "<group>"; };
		3E222AF92A659CBD001EC288 /* SliderStepper.swift */ = {isa = PBXFileReference; lastKnownFileType = sourcecode.swift; path = SliderStepper.swift; sourceTree = "<group>"; };
		3E3421262A73F37700CFAD27 /* ImportedImageView.swift */ = {isa = PBXFileReference; lastKnownFileType = sourcecode.swift; path = ImportedImageView.swift; sourceTree = "<group>"; };
		3E3421282A74189300CFAD27 /* ImageTrashButtonView.swift */ = {isa = PBXFileReference; lastKnownFileType = sourcecode.swift; path = ImageTrashButtonView.swift; sourceTree = "<group>"; };
		3E371CD62A66807A00DE743C /* Feedback.swift */ = {isa = PBXFileReference; lastKnownFileType = sourcecode.swift; path = Feedback.swift; sourceTree = "<group>"; };
		3E371CD82A6689C800DE743C /* MapObject.swift */ = {isa = PBXFileReference; lastKnownFileType = sourcecode.swift; path = MapObject.swift; sourceTree = "<group>"; };
		3E371CDA2A668DD400DE743C /* ResetValues.swift */ = {isa = PBXFileReference; lastKnownFileType = sourcecode.swift; path = ResetValues.swift; sourceTree = "<group>"; };
		3E371CDC2A66932900DE743C /* CircleGaugeObject.swift */ = {isa = PBXFileReference; lastKnownFileType = sourcecode.swift; path = CircleGaugeObject.swift; sourceTree = "<group>"; };
		3E371CDE2A66B10500DE743C /* BatteryCircleGauge.swift */ = {isa = PBXFileReference; lastKnownFileType = sourcecode.swift; path = BatteryCircleGauge.swift; sourceTree = "<group>"; };
		3E371CE32A66C8FF00DE743C /* CustomToggle.swift */ = {isa = PBXFileReference; lastKnownFileType = sourcecode.swift; path = CustomToggle.swift; sourceTree = "<group>"; };
		3E371CE62A66E2E000DE743C /* CustomColorPicker.swift */ = {isa = PBXFileReference; lastKnownFileType = sourcecode.swift; path = CustomColorPicker.swift; sourceTree = "<group>"; };
		3E41D3152A42EB6A00A29548 /* WeatherKitModel.swift */ = {isa = PBXFileReference; lastKnownFileType = sourcecode.swift; path = WeatherKitModel.swift; sourceTree = "<group>"; };
		3E41D3172A42F71900A29548 /* BatteryBar.swift */ = {isa = PBXFileReference; lastKnownFileType = sourcecode.swift; path = BatteryBar.swift; sourceTree = "<group>"; };
		3E4A13C52A73BF9200B055AD /* ObjectSelectionView.swift */ = {isa = PBXFileReference; lastKnownFileType = sourcecode.swift; path = ObjectSelectionView.swift; sourceTree = "<group>"; };
		3E4E6B482A4B733C00942494 /* DynamicTextEditView.swift */ = {isa = PBXFileReference; lastKnownFileType = sourcecode.swift; path = DynamicTextEditView.swift; sourceTree = "<group>"; };
		3E546A702A69526500AE1ED7 /* CustomSlider.swift */ = {isa = PBXFileReference; lastKnownFileType = sourcecode.swift; path = CustomSlider.swift; sourceTree = "<group>"; };
		3E546A722A69672100AE1ED7 /* SettingsFonts.swift */ = {isa = PBXFileReference; lastKnownFileType = sourcecode.swift; path = SettingsFonts.swift; sourceTree = "<group>"; };
		3E61FC042A49D2D500BABEA5 /* FullScreenCoverImagePickerViews.swift */ = {isa = PBXFileReference; lastKnownFileType = sourcecode.swift; path = FullScreenCoverImagePickerViews.swift; sourceTree = "<group>"; };
		3E73E5262A6E7CB100DBE1D2 /* MapSettings.swift */ = {isa = PBXFileReference; lastKnownFileType = sourcecode.swift; path = MapSettings.swift; sourceTree = "<group>"; };
		3E83AABB2A6A848A00E344C9 /* SliderStepperDegrees.swift */ = {isa = PBXFileReference; lastKnownFileType = sourcecode.swift; path = SliderStepperDegrees.swift; sourceTree = "<group>"; };
		3E83AABD2A6A86E100E344C9 /* CustomShape.swift */ = {isa = PBXFileReference; lastKnownFileType = sourcecode.swift; path = CustomShape.swift; sourceTree = "<group>"; };
		3E8849862A41D47800B50BBD /* ShowBoard.app */ = {isa = PBXFileReference; explicitFileType = wrapper.application; includeInIndex = 0; path = ShowBoard.app; sourceTree = BUILT_PRODUCTS_DIR; };
		3E8849892A41D47800B50BBD /* ShowBoardApp.swift */ = {isa = PBXFileReference; lastKnownFileType = sourcecode.swift; path = ShowBoardApp.swift; sourceTree = "<group>"; };
		3E88498B2A41D47800B50BBD /* ContentView.swift */ = {isa = PBXFileReference; lastKnownFileType = sourcecode.swift; path = ContentView.swift; sourceTree = "<group>"; };
		3E88498D2A41D47800B50BBD /* Assets.xcassets */ = {isa = PBXFileReference; lastKnownFileType = folder.assetcatalog; path = Assets.xcassets; sourceTree = "<group>"; };
		3E88498F2A41D47800B50BBD /* ShowBoard.entitlements */ = {isa = PBXFileReference; lastKnownFileType = text.plist.entitlements; path = ShowBoard.entitlements; sourceTree = "<group>"; };
		3E8849912A41D47800B50BBD /* Preview Assets.xcassets */ = {isa = PBXFileReference; lastKnownFileType = folder.assetcatalog; path = "Preview Assets.xcassets"; sourceTree = "<group>"; };
		3E8849972A41D47800B50BBD /* ShowBoardTests.xctest */ = {isa = PBXFileReference; explicitFileType = wrapper.cfbundle; includeInIndex = 0; path = ShowBoardTests.xctest; sourceTree = BUILT_PRODUCTS_DIR; };
		3E88499B2A41D47800B50BBD /* ShowBoardTests.swift */ = {isa = PBXFileReference; lastKnownFileType = sourcecode.swift; path = ShowBoardTests.swift; sourceTree = "<group>"; };
		3E8849A12A41D47800B50BBD /* ShowBoardUITests.xctest */ = {isa = PBXFileReference; explicitFileType = wrapper.cfbundle; includeInIndex = 0; path = ShowBoardUITests.xctest; sourceTree = BUILT_PRODUCTS_DIR; };
		3E8849A52A41D47800B50BBD /* ShowBoardUITests.swift */ = {isa = PBXFileReference; lastKnownFileType = sourcecode.swift; path = ShowBoardUITests.swift; sourceTree = "<group>"; };
		3E8849A72A41D47800B50BBD /* ShowBoardUITestsLaunchTests.swift */ = {isa = PBXFileReference; lastKnownFileType = sourcecode.swift; path = ShowBoardUITestsLaunchTests.swift; sourceTree = "<group>"; };
		3E8849B42A41D49400B50BBD /* LocationDataManager.swift */ = {isa = PBXFileReference; lastKnownFileType = sourcecode.swift; path = LocationDataManager.swift; sourceTree = "<group>"; };
		3E8849BC2A41D5A500B50BBD /* BatteryModel.swift */ = {isa = PBXFileReference; lastKnownFileType = sourcecode.swift; path = BatteryModel.swift; sourceTree = "<group>"; };
		3E8849BE2A41D5BB00B50BBD /* PersistentOverlays.swift */ = {isa = PBXFileReference; lastKnownFileType = sourcecode.swift; path = PersistentOverlays.swift; sourceTree = "<group>"; };
		3E8849C02A41D5C600B50BBD /* PhotosPicker.swift */ = {isa = PBXFileReference; lastKnownFileType = sourcecode.swift; path = PhotosPicker.swift; sourceTree = "<group>"; };
		3E8849C42A41D61D00B50BBD /* HexColour.swift */ = {isa = PBXFileReference; lastKnownFileType = sourcecode.swift; path = HexColour.swift; sourceTree = "<group>"; };
		3E8849C62A41D66400B50BBD /* ShowBoardView.swift */ = {isa = PBXFileReference; lastKnownFileType = sourcecode.swift; path = ShowBoardView.swift; sourceTree = "<group>"; };
		3E8B70002A4CCBBC00242998 /* PressableButtonView.swift */ = {isa = PBXFileReference; lastKnownFileType = sourcecode.swift; path = PressableButtonView.swift; sourceTree = "<group>"; };
		3EADA59B2A4315CC00FA1BCB /* Autone.ttf */ = {isa = PBXFileReference; lastKnownFileType = file; path = Autone.ttf; sourceTree = "<group>"; };
		3EADA59E2A43161900FA1BCB /* Info.plist */ = {isa = PBXFileReference; lastKnownFileType = text.plist; path = Info.plist; sourceTree = "<group>"; };
		3EADA5A82A432BE900FA1BCB /* MenuButtonsView.swift */ = {isa = PBXFileReference; lastKnownFileType = sourcecode.swift; path = MenuButtonsView.swift; sourceTree = "<group>"; };
		3EADA5AA2A432C6D00FA1BCB /* performDelayedAction.swift */ = {isa = PBXFileReference; lastKnownFileType = sourcecode.swift; path = performDelayedAction.swift; sourceTree = "<group>"; };
		3EADA5AC2A432DD000FA1BCB /* CopyToClipboard.swift */ = {isa = PBXFileReference; lastKnownFileType = sourcecode.swift; path = CopyToClipboard.swift; sourceTree = "<group>"; };
		3EADA5AE2A43300B00FA1BCB /* RunShortcut.swift */ = {isa = PBXFileReference; lastKnownFileType = sourcecode.swift; path = RunShortcut.swift; sourceTree = "<group>"; };
		3EADA5B02A4332C700FA1BCB /* BackgroundView.swift */ = {isa = PBXFileReference; lastKnownFileType = sourcecode.swift; path = BackgroundView.swift; sourceTree = "<group>"; };
		3EADA5B52A433EBF00FA1BCB /* WidgetModifier.swift */ = {isa = PBXFileReference; lastKnownFileType = sourcecode.swift; path = WidgetModifier.swift; sourceTree = "<group>"; };
		3EADA5B72A433EE300FA1BCB /* AlertModifier.swift */ = {isa = PBXFileReference; lastKnownFileType = sourcecode.swift; path = AlertModifier.swift; sourceTree = "<group>"; };
		3EADA5B92A43433D00FA1BCB /* GridOverlay.swift */ = {isa = PBXFileReference; lastKnownFileType = sourcecode.swift; path = GridOverlay.swift; sourceTree = "<group>"; };
		3EADA5C02A438A5D00FA1BCB /* ZoomModifier.swift */ = {isa = PBXFileReference; lastKnownFileType = sourcecode.swift; path = ZoomModifier.swift; sourceTree = "<group>"; };
		3EADA5C22A438EDF00FA1BCB /* RotateModifier.swift */ = {isa = PBXFileReference; lastKnownFileType = sourcecode.swift; path = RotateModifier.swift; sourceTree = "<group>"; };
		3EB671972A4EF20A00DF2678 /* GroupView.swift */ = {isa = PBXFileReference; lastKnownFileType = sourcecode.swift; path = GroupView.swift; sourceTree = "<group>"; };
		3EB671992A4EF77300DF2678 /* FadeOnAppear.swift */ = {isa = PBXFileReference; lastKnownFileType = sourcecode.swift; path = FadeOnAppear.swift; sourceTree = "<group>"; };
		3EBF306B2A6EBE3D004C12B5 /* CustomPresentation.swift */ = {isa = PBXFileReference; lastKnownFileType = sourcecode.swift; path = CustomPresentation.swift; sourceTree = "<group>"; };
		3EBF306D2A6EC9A8004C12B5 /* CustomBlendModePicker.swift */ = {isa = PBXFileReference; lastKnownFileType = sourcecode.swift; path = CustomBlendModePicker.swift; sourceTree = "<group>"; };
		3EBF306F2A6ECB41004C12B5 /* CustomFontPicker.swift */ = {isa = PBXFileReference; lastKnownFileType = sourcecode.swift; path = CustomFontPicker.swift; sourceTree = "<group>"; };
		3EBF30712A6ECD4B004C12B5 /* DynamicTextEditViewSettings.swift */ = {isa = PBXFileReference; lastKnownFileType = sourcecode.swift; path = DynamicTextEditViewSettings.swift; sourceTree = "<group>"; };
		3EBF30772A6ED557004C12B5 /* BatteryCircleGaugeSettings.swift */ = {isa = PBXFileReference; lastKnownFileType = sourcecode.swift; path = BatteryCircleGaugeSettings.swift; sourceTree = "<group>"; };
		3ECBE35D2A6E94FD004B59F2 /* TransparentBlurView.swift */ = {isa = PBXFileReference; lastKnownFileType = sourcecode.swift; path = TransparentBlurView.swift; sourceTree = "<group>"; };
		3ECBE35F2A6E9D8C004B59F2 /* GlassShapeSettings.swift */ = {isa = PBXFileReference; lastKnownFileType = sourcecode.swift; path = GlassShapeSettings.swift; sourceTree = "<group>"; };
		3ECBE3612A6EAFFA004B59F2 /* CustomShapeSettings.swift */ = {isa = PBXFileReference; lastKnownFileType = sourcecode.swift; path = CustomShapeSettings.swift; sourceTree = "<group>"; };
		3ECC34962A4C1F6B008794BC /* MapView.swift */ = {isa = PBXFileReference; lastKnownFileType = sourcecode.swift; path = MapView.swift; sourceTree = "<group>"; };
		3ECC34A52A4C3866008794BC /* ModernAge.ttf */ = {isa = PBXFileReference; lastKnownFileType = file; path = ModernAge.ttf; sourceTree = "<group>"; };
		3ECC34A72A4C40A3008794BC /* PositionButton.swift */ = {isa = PBXFileReference; lastKnownFileType = sourcecode.swift; path = PositionButton.swift; sourceTree = "<group>"; };
		3ECC34A92A4C40C1008794BC /* SettingsButton.swift */ = {isa = PBXFileReference; lastKnownFileType = sourcecode.swift; path = SettingsButton.swift; sourceTree = "<group>"; };
		3ECC34AC2A4C6153008794BC /* ScaleButton.swift */ = {isa = PBXFileReference; lastKnownFileType = sourcecode.swift; path = ScaleButton.swift; sourceTree = "<group>"; };
		3ECC34AE2A4C619F008794BC /* MicroControlsView.swift */ = {isa = PBXFileReference; lastKnownFileType = sourcecode.swift; path = MicroControlsView.swift; sourceTree = "<group>"; };
		3ECC34B02A4C6905008794BC /* VerticalDragModifier.swift */ = {isa = PBXFileReference; lastKnownFileType = sourcecode.swift; path = VerticalDragModifier.swift; sourceTree = "<group>"; };
		3ED771DF2A4AEE6B00AFC1FC /* CustomShapeView.swift */ = {isa = PBXFileReference; lastKnownFileType = sourcecode.swift; path = CustomShapeView.swift; sourceTree = "<group>"; };
		3ED771E42A4AFE4300AFC1FC /* MapExtensionView.swift */ = {isa = PBXFileReference; lastKnownFileType = sourcecode.swift; path = MapExtensionView.swift; sourceTree = "<group>"; };
		3ED771E62A4B185000AFC1FC /* GlassShapeView.swift */ = {isa = PBXFileReference; lastKnownFileType = sourcecode.swift; path = GlassShapeView.swift; sourceTree = "<group>"; };
		3ED771E82A4B2AB600AFC1FC /* LayerButton.swift */ = {isa = PBXFileReference; lastKnownFileType = sourcecode.swift; path = LayerButton.swift; sourceTree = "<group>"; };
		3ED771EA2A4B356C00AFC1FC /* LayerBackButton.swift */ = {isa = PBXFileReference; lastKnownFileType = sourcecode.swift; path = LayerBackButton.swift; sourceTree = "<group>"; };
		3EDBEBFD2A710806003856DA /* HeartButton.swift */ = {isa = PBXFileReference; lastKnownFileType = sourcecode.swift; path = HeartButton.swift; sourceTree = "<group>"; };
		3EDE6B712A4DB4DD003ACC2B /* URLImagesGallery.swift */ = {isa = PBXFileReference; lastKnownFileType = sourcecode.swift; path = URLImagesGallery.swift; sourceTree = "<group>"; };
		3EEB89932A49F02300CF42AB /* LayerEditView.swift */ = {isa = PBXFileReference; lastKnownFileType = sourcecode.swift; path = LayerEditView.swift; sourceTree = "<group>"; };
		3EFAB1822A45C8CF001A9BC7 /* SheetPresentedViews.swift */ = {isa = PBXFileReference; lastKnownFileType = sourcecode.swift; path = SheetPresentedViews.swift; sourceTree = "<group>"; };
/* End PBXFileReference section */

/* Begin PBXFrameworksBuildPhase section */
		3E8849832A41D47800B50BBD /* Frameworks */ = {
			isa = PBXFrameworksBuildPhase;
			buildActionMask = 2147483647;
			files = (
			);
			runOnlyForDeploymentPostprocessing = 0;
		};
		3E8849942A41D47800B50BBD /* Frameworks */ = {
			isa = PBXFrameworksBuildPhase;
			buildActionMask = 2147483647;
			files = (
			);
			runOnlyForDeploymentPostprocessing = 0;
		};
		3E88499E2A41D47800B50BBD /* Frameworks */ = {
			isa = PBXFrameworksBuildPhase;
			buildActionMask = 2147483647;
			files = (
			);
			runOnlyForDeploymentPostprocessing = 0;
		};
/* End PBXFrameworksBuildPhase section */

/* Begin PBXGroup section */
		0913C4292A487643007AF26E /* Types */ = {
			isa = PBXGroup;
			children = (
				0972742D2A4C806100429786 /* LayerObject */,
			);
			path = Types;
			sourceTree = "<group>";
		};
		0972742C2A4C804500429786 /* DynamicText */ = {
			isa = PBXGroup;
			children = (
				0913C4272A4875E4007AF26E /* DynamicText.swift */,
				0913C42A2A48766C007AF26E /* DynamicText+Placeholder.swift */,
			);
			path = DynamicText;
			sourceTree = "<group>";
		};
		0972742D2A4C806100429786 /* LayerObject */ = {
			isa = PBXGroup;
			children = (
				0972742C2A4C804500429786 /* DynamicText */,
				0972742E2A4C809B00429786 /* LayerObject.swift */,
				097274302A4C820C00429786 /* LayerObject+Appearance.swift */,
				097274322A4C854B00429786 /* TextObject.swift */,
				091703FA2A63FEB10025C0FB /* CustomShapeObject.swift */,
				097274342A4DDCCB00429786 /* ShadowSettings.swift */,
				097274362A4DE01700429786 /* LayerObjectAppearanceModifier.swift */,
				3E371CD82A6689C800DE743C /* MapObject.swift */,
				3E371CDC2A66932900DE743C /* CircleGaugeObject.swift */,
				091703FC2A63FF4F0025C0FB /* TemplateLayerObject.swift */,
				0940CCF22A6860DC009CE54C /* LayerObjectType.swift */,
				0913C42E2A4882E3007AF26E /* WeatherConditionAsset.swift */,
			);
			path = LayerObject;
			sourceTree = "<group>";
		};
		3E371CE02A66C10E00DE743C /* Battery Circle Gauge */ = {
			isa = PBXGroup;
			children = (
				3E371CDE2A66B10500DE743C /* BatteryCircleGauge.swift */,
				3EBF30772A6ED557004C12B5 /* BatteryCircleGaugeSettings.swift */,
			);
			path = "Battery Circle Gauge";
			sourceTree = "<group>";
		};
		3E371CE52A66D00000DE743C /* Buttons + Sliders */ = {
			isa = PBXGroup;
			children = (
				3E222AF92A659CBD001EC288 /* SliderStepper.swift */,
				3E371CDA2A668DD400DE743C /* ResetValues.swift */,
				3E371CE32A66C8FF00DE743C /* CustomToggle.swift */,
				3E371CE62A66E2E000DE743C /* CustomColorPicker.swift */,
				3E546A702A69526500AE1ED7 /* CustomSlider.swift */,
				3E83AABB2A6A848A00E344C9 /* SliderStepperDegrees.swift */,
				3EBF306D2A6EC9A8004C12B5 /* CustomBlendModePicker.swift */,
				3EBF306F2A6ECB41004C12B5 /* CustomFontPicker.swift */,
			);
			path = "Buttons + Sliders";
			sourceTree = "<group>";
		};
		3E41D3192A42F73000A29548 /* View Elements (Objects) */ = {
			isa = PBXGroup;
			children = (
				3EBF307C2A6ED969004C12B5 /* Battery Bar View */,
				3EBF30732A6ED4FC004C12B5 /* Map View */,
				3EBF30742A6ED504004C12B5 /* Custom Shape View */,
				3EBF30752A6ED51C004C12B5 /* Glass Shape View */,
				3EBF30762A6ED529004C12B5 /* Dymanic Text View */,
				3E371CE02A66C10E00DE743C /* Battery Circle Gauge */,
			);
			path = "View Elements (Objects)";
			sourceTree = "<group>";
		};
		3E88497D2A41D47800B50BBD = {
			isa = PBXGroup;
			children = (
				3EDBEBFD2A710806003856DA /* HeartButton.swift */,
				3EBF307B2A6ED7A6004C12B5 /* Extensions + Modifiers */,
				3E8849BA2A41D57B00B50BBD /* WeatherKit & Location Manager */,
				3EADA59D2A4315E500FA1BCB /* Custom Fonts */,
				0913C4292A487643007AF26E /* Types */,
				3EB671962A4EEEEE00DF2678 /* Layer Element Menu (Views) */,
				3EA43C962A45AAC200A28C75 /* Layer Elements (Controls) */,
				3E41D3192A42F73000A29548 /* View Elements (Objects) */,
				3EFAB1882A45CD6D001A9BC7 /* Cover Sheet Views */,
				3E8849882A41D47800B50BBD /* ShowBoard */,
				3E88499A2A41D47800B50BBD /* ShowBoardTests */,
				3E8849A42A41D47800B50BBD /* ShowBoardUITests */,
				3E8849872A41D47800B50BBD /* Products */,
			);
			sourceTree = "<group>";
		};
		3E8849872A41D47800B50BBD /* Products */ = {
			isa = PBXGroup;
			children = (
				3E8849862A41D47800B50BBD /* ShowBoard.app */,
				3E8849972A41D47800B50BBD /* ShowBoardTests.xctest */,
				3E8849A12A41D47800B50BBD /* ShowBoardUITests.xctest */,
			);
			name = Products;
			sourceTree = "<group>";
		};
		3E8849882A41D47800B50BBD /* ShowBoard */ = {
			isa = PBXGroup;
			children = (
				3EADA59E2A43161900FA1BCB /* Info.plist */,
				3E8849C62A41D66400B50BBD /* ShowBoardView.swift */,
				3E8849892A41D47800B50BBD /* ShowBoardApp.swift */,
				3EB671972A4EF20A00DF2678 /* GroupView.swift */,
				3E88498B2A41D47800B50BBD /* ContentView.swift */,
				3E88498D2A41D47800B50BBD /* Assets.xcassets */,
				3E88498F2A41D47800B50BBD /* ShowBoard.entitlements */,
				3E8849902A41D47800B50BBD /* Preview Content */,
				095847EF2A72C37B0069DAEE /* Playground.swift */,
			);
			path = ShowBoard;
			sourceTree = "<group>";
		};
		3E8849902A41D47800B50BBD /* Preview Content */ = {
			isa = PBXGroup;
			children = (
				3E8849912A41D47800B50BBD /* Preview Assets.xcassets */,
			);
			path = "Preview Content";
			sourceTree = "<group>";
		};
		3E88499A2A41D47800B50BBD /* ShowBoardTests */ = {
			isa = PBXGroup;
			children = (
				3E88499B2A41D47800B50BBD /* ShowBoardTests.swift */,
			);
			path = ShowBoardTests;
			sourceTree = "<group>";
		};
		3E8849A42A41D47800B50BBD /* ShowBoardUITests */ = {
			isa = PBXGroup;
			children = (
				3E8849A52A41D47800B50BBD /* ShowBoardUITests.swift */,
				3E8849A72A41D47800B50BBD /* ShowBoardUITestsLaunchTests.swift */,
			);
			path = ShowBoardUITests;
			sourceTree = "<group>";
		};
		3E8849BA2A41D57B00B50BBD /* WeatherKit & Location Manager */ = {
			isa = PBXGroup;
			children = (
				3E8849B42A41D49400B50BBD /* LocationDataManager.swift */,
				3E41D3152A42EB6A00A29548 /* WeatherKitModel.swift */,
			);
			path = "WeatherKit & Location Manager";
			sourceTree = "<group>";
		};
		3E8849BB2A41D59100B50BBD /* Extensions */ = {
			isa = PBXGroup;
			children = (
				3ECBE35D2A6E94FD004B59F2 /* TransparentBlurView.swift */,
				3E371CD62A66807A00DE743C /* Feedback.swift */,
				3ED771E42A4AFE4300AFC1FC /* MapExtensionView.swift */,
				3EADA5AA2A432C6D00FA1BCB /* performDelayedAction.swift */,
				3EADA5AC2A432DD000FA1BCB /* CopyToClipboard.swift */,
				3E8849BC2A41D5A500B50BBD /* BatteryModel.swift */,
				3E8849BE2A41D5BB00B50BBD /* PersistentOverlays.swift */,
				3E8849C02A41D5C600B50BBD /* PhotosPicker.swift */,
				3E8849C42A41D61D00B50BBD /* HexColour.swift */,
				3EADA5AE2A43300B00FA1BCB /* RunShortcut.swift */,
				3EB671992A4EF77300DF2678 /* FadeOnAppear.swift */,
				3EADA5B92A43433D00FA1BCB /* GridOverlay.swift */,
				3EADA5B02A4332C700FA1BCB /* BackgroundView.swift */,
				3E546A722A69672100AE1ED7 /* SettingsFonts.swift */,
				3E83AABD2A6A86E100E344C9 /* CustomShape.swift */,
				3EBF306B2A6EBE3D004C12B5 /* CustomPresentation.swift */,
			);
			path = Extensions;
			sourceTree = "<group>";
		};
		3EA43C962A45AAC200A28C75 /* Layer Elements (Controls) */ = {
			isa = PBXGroup;
			children = (
				3EC03DF72A67E63C001F1965 /* Controls */,
			);
			path = "Layer Elements (Controls)";
			sourceTree = "<group>";
		};
		3EADA59D2A4315E500FA1BCB /* Custom Fonts */ = {
			isa = PBXGroup;
			children = (
				3ECC34A52A4C3866008794BC /* ModernAge.ttf */,
				3EADA59B2A4315CC00FA1BCB /* Autone.ttf */,
			);
			path = "Custom Fonts";
			sourceTree = "<group>";
		};
		3EADA5B42A433E9100FA1BCB /* Modifiers */ = {
			isa = PBXGroup;
			children = (
				3EADA5C02A438A5D00FA1BCB /* ZoomModifier.swift */,
				3EADA5B52A433EBF00FA1BCB /* WidgetModifier.swift */,
				3EADA5B72A433EE300FA1BCB /* AlertModifier.swift */,
				3EADA5C22A438EDF00FA1BCB /* RotateModifier.swift */,
				3ECC34B02A4C6905008794BC /* VerticalDragModifier.swift */,
			);
			path = Modifiers;
			sourceTree = "<group>";
		};
		3EB671962A4EEEEE00DF2678 /* Layer Element Menu (Views) */ = {
			isa = PBXGroup;
			children = (
				3E4A13C52A73BF9200B055AD /* ObjectSelectionView.swift */,
				3EEB89932A49F02300CF42AB /* LayerEditView.swift */,
				3EDE6B712A4DB4DD003ACC2B /* URLImagesGallery.swift */,
				3E3421262A73F37700CFAD27 /* ImportedImageView.swift */,
				3E3421282A74189300CFAD27 /* ImageTrashButtonView.swift */,
			);
			path = "Layer Element Menu (Views)";
			sourceTree = "<group>";
		};
		3EBF30732A6ED4FC004C12B5 /* Map View */ = {
			isa = PBXGroup;
			children = (
				3ECC34962A4C1F6B008794BC /* MapView.swift */,
				3E73E5262A6E7CB100DBE1D2 /* MapSettings.swift */,
			);
			path = "Map View";
			sourceTree = "<group>";
		};
		3EBF30742A6ED504004C12B5 /* Custom Shape View */ = {
			isa = PBXGroup;
			children = (
				3ED771DF2A4AEE6B00AFC1FC /* CustomShapeView.swift */,
				3ECBE3612A6EAFFA004B59F2 /* CustomShapeSettings.swift */,
			);
			path = "Custom Shape View";
			sourceTree = "<group>";
		};
		3EBF30752A6ED51C004C12B5 /* Glass Shape View */ = {
			isa = PBXGroup;
			children = (
				3ED771E62A4B185000AFC1FC /* GlassShapeView.swift */,
				3ECBE35F2A6E9D8C004B59F2 /* GlassShapeSettings.swift */,
			);
			path = "Glass Shape View";
			sourceTree = "<group>";
		};
		3EBF30762A6ED529004C12B5 /* Dymanic Text View */ = {
			isa = PBXGroup;
			children = (
				3E4E6B482A4B733C00942494 /* DynamicTextEditView.swift */,
				3EBF30712A6ECD4B004C12B5 /* DynamicTextEditViewSettings.swift */,
			);
			path = "Dymanic Text View";
			sourceTree = "<group>";
		};
		3EBF307B2A6ED7A6004C12B5 /* Extensions + Modifiers */ = {
			isa = PBXGroup;
			children = (
				3EADA5B42A433E9100FA1BCB /* Modifiers */,
				3E8849BB2A41D59100B50BBD /* Extensions */,
			);
			path = "Extensions + Modifiers";
			sourceTree = "<group>";
		};
		3EBF307C2A6ED969004C12B5 /* Battery Bar View */ = {
			isa = PBXGroup;
			children = (
				3E41D3172A42F71900A29548 /* BatteryBar.swift */,
			);
			path = "Battery Bar View";
			sourceTree = "<group>";
		};
		3EC03DF72A67E63C001F1965 /* Controls */ = {
			isa = PBXGroup;
			children = (
				3E371CE52A66D00000DE743C /* Buttons + Sliders */,
				3ECC34AB2A4C4163008794BC /* Micro Control Position Buttons */,
				3ED771EC2A4B395500AFC1FC /* Layer Element Buttons */,
			);
			path = Controls;
			sourceTree = "<group>";
		};
		3ECC34AB2A4C4163008794BC /* Micro Control Position Buttons */ = {
			isa = PBXGroup;
			children = (
				3ECC34A72A4C40A3008794BC /* PositionButton.swift */,
				3ECC34AC2A4C6153008794BC /* ScaleButton.swift */,
				3ECC34A92A4C40C1008794BC /* SettingsButton.swift */,
				3ECC34AE2A4C619F008794BC /* MicroControlsView.swift */,
				3E8B70002A4CCBBC00242998 /* PressableButtonView.swift */,
			);
			path = "Micro Control Position Buttons";
			sourceTree = "<group>";
		};
		3ED771EC2A4B395500AFC1FC /* Layer Element Buttons */ = {
			isa = PBXGroup;
			children = (
				3EADA5A82A432BE900FA1BCB /* MenuButtonsView.swift */,
				3ED771E82A4B2AB600AFC1FC /* LayerButton.swift */,
				3ED771EA2A4B356C00AFC1FC /* LayerBackButton.swift */,
			);
			path = "Layer Element Buttons";
			sourceTree = "<group>";
		};
		3EFAB1882A45CD6D001A9BC7 /* Cover Sheet Views */ = {
			isa = PBXGroup;
			children = (
				3EFAB1822A45C8CF001A9BC7 /* SheetPresentedViews.swift */,
				3E61FC042A49D2D500BABEA5 /* FullScreenCoverImagePickerViews.swift */,
			);
			path = "Cover Sheet Views";
			sourceTree = "<group>";
		};
/* End PBXGroup section */

/* Begin PBXNativeTarget section */
		3E8849852A41D47800B50BBD /* ShowBoard */ = {
			isa = PBXNativeTarget;
			buildConfigurationList = 3E8849AB2A41D47800B50BBD /* Build configuration list for PBXNativeTarget "ShowBoard" */;
			buildPhases = (
				3E8849822A41D47800B50BBD /* Sources */,
				3E8849832A41D47800B50BBD /* Frameworks */,
				3E8849842A41D47800B50BBD /* Resources */,
			);
			buildRules = (
			);
			dependencies = (
			);
			name = ShowBoard;
			packageProductDependencies = (
			);
			productName = ShowBoard;
			productReference = 3E8849862A41D47800B50BBD /* ShowBoard.app */;
			productType = "com.apple.product-type.application";
		};
		3E8849962A41D47800B50BBD /* ShowBoardTests */ = {
			isa = PBXNativeTarget;
			buildConfigurationList = 3E8849AE2A41D47800B50BBD /* Build configuration list for PBXNativeTarget "ShowBoardTests" */;
			buildPhases = (
				3E8849932A41D47800B50BBD /* Sources */,
				3E8849942A41D47800B50BBD /* Frameworks */,
				3E8849952A41D47800B50BBD /* Resources */,
			);
			buildRules = (
			);
			dependencies = (
				3E8849992A41D47800B50BBD /* PBXTargetDependency */,
			);
			name = ShowBoardTests;
			productName = ShowBoardTests;
			productReference = 3E8849972A41D47800B50BBD /* ShowBoardTests.xctest */;
			productType = "com.apple.product-type.bundle.unit-test";
		};
		3E8849A02A41D47800B50BBD /* ShowBoardUITests */ = {
			isa = PBXNativeTarget;
			buildConfigurationList = 3E8849B12A41D47800B50BBD /* Build configuration list for PBXNativeTarget "ShowBoardUITests" */;
			buildPhases = (
				3E88499D2A41D47800B50BBD /* Sources */,
				3E88499E2A41D47800B50BBD /* Frameworks */,
				3E88499F2A41D47800B50BBD /* Resources */,
			);
			buildRules = (
			);
			dependencies = (
				3E8849A32A41D47800B50BBD /* PBXTargetDependency */,
			);
			name = ShowBoardUITests;
			productName = ShowBoardUITests;
			productReference = 3E8849A12A41D47800B50BBD /* ShowBoardUITests.xctest */;
			productType = "com.apple.product-type.bundle.ui-testing";
		};
/* End PBXNativeTarget section */

/* Begin PBXProject section */
		3E88497E2A41D47800B50BBD /* Project object */ = {
			isa = PBXProject;
			attributes = {
				BuildIndependentTargetsInParallel = 1;
				LastSwiftUpdateCheck = 1500;
				LastUpgradeCheck = 1500;
				TargetAttributes = {
					3E8849852A41D47800B50BBD = {
						CreatedOnToolsVersion = 15.0;
					};
					3E8849962A41D47800B50BBD = {
						CreatedOnToolsVersion = 15.0;
						TestTargetID = 3E8849852A41D47800B50BBD;
					};
					3E8849A02A41D47800B50BBD = {
						CreatedOnToolsVersion = 15.0;
						TestTargetID = 3E8849852A41D47800B50BBD;
					};
				};
			};
			buildConfigurationList = 3E8849812A41D47800B50BBD /* Build configuration list for PBXProject "ShowBoard" */;
			compatibilityVersion = "Xcode 14.0";
			developmentRegion = en;
			hasScannedForEncodings = 0;
			knownRegions = (
				en,
				Base,
			);
			mainGroup = 3E88497D2A41D47800B50BBD;
			packageReferences = (
			);
			productRefGroup = 3E8849872A41D47800B50BBD /* Products */;
			projectDirPath = "";
			projectRoot = "";
			targets = (
				3E8849852A41D47800B50BBD /* ShowBoard */,
				3E8849962A41D47800B50BBD /* ShowBoardTests */,
				3E8849A02A41D47800B50BBD /* ShowBoardUITests */,
			);
		};
/* End PBXProject section */

/* Begin PBXResourcesBuildPhase section */
		3E8849842A41D47800B50BBD /* Resources */ = {
			isa = PBXResourcesBuildPhase;
			buildActionMask = 2147483647;
			files = (
				3EADA59C2A4315CC00FA1BCB /* Autone.ttf in Resources */,
				3E8849922A41D47800B50BBD /* Preview Assets.xcassets in Resources */,
				3ECC34A62A4C3866008794BC /* ModernAge.ttf in Resources */,
				3E88498E2A41D47800B50BBD /* Assets.xcassets in Resources */,
			);
			runOnlyForDeploymentPostprocessing = 0;
		};
		3E8849952A41D47800B50BBD /* Resources */ = {
			isa = PBXResourcesBuildPhase;
			buildActionMask = 2147483647;
			files = (
			);
			runOnlyForDeploymentPostprocessing = 0;
		};
		3E88499F2A41D47800B50BBD /* Resources */ = {
			isa = PBXResourcesBuildPhase;
			buildActionMask = 2147483647;
			files = (
			);
			runOnlyForDeploymentPostprocessing = 0;
		};
/* End PBXResourcesBuildPhase section */

/* Begin PBXSourcesBuildPhase section */
		3E8849822A41D47800B50BBD /* Sources */ = {
			isa = PBXSourcesBuildPhase;
			buildActionMask = 2147483647;
			files = (
				3ECBE3622A6EAFFA004B59F2 /* CustomShapeSettings.swift in Sources */,
				3ECC34AA2A4C40C1008794BC /* SettingsButton.swift in Sources */,
				3E371CE72A66E2E000DE743C /* CustomColorPicker.swift in Sources */,
				3E371CDD2A66932900DE743C /* CircleGaugeObject.swift in Sources */,
				3EB671982A4EF20A00DF2678 /* GroupView.swift in Sources */,
				3E4E6B492A4B733C00942494 /* DynamicTextEditView.swift in Sources */,
				3E371CDB2A668DD400DE743C /* ResetValues.swift in Sources */,
				3EADA5B12A4332C700FA1BCB /* BackgroundView.swift in Sources */,
				3E8849C12A41D5C600B50BBD /* PhotosPicker.swift in Sources */,
				3EBF30702A6ECB41004C12B5 /* CustomFontPicker.swift in Sources */,
				3E4A13C62A73BF9200B055AD /* ObjectSelectionView.swift in Sources */,
				3ED771E52A4AFE4300AFC1FC /* MapExtensionView.swift in Sources */,
				3E8849C52A41D61D00B50BBD /* HexColour.swift in Sources */,
				3EBF30722A6ECD4B004C12B5 /* DynamicTextEditViewSettings.swift in Sources */,
				0913C42B2A48766C007AF26E /* DynamicText+Placeholder.swift in Sources */,
				3EB6719A2A4EF77300DF2678 /* FadeOnAppear.swift in Sources */,
				3E88498C2A41D47800B50BBD /* ContentView.swift in Sources */,
				3EADA5B82A433EE300FA1BCB /* AlertModifier.swift in Sources */,
				3E371CD92A6689C800DE743C /* MapObject.swift in Sources */,
				3E41D3182A42F71900A29548 /* BatteryBar.swift in Sources */,
				0972742F2A4C809B00429786 /* LayerObject.swift in Sources */,
				3EADA5AB2A432C6D00FA1BCB /* performDelayedAction.swift in Sources */,
				095847F02A72C37B0069DAEE /* Playground.swift in Sources */,
				3ED771E92A4B2AB600AFC1FC /* LayerButton.swift in Sources */,
				3E61FC052A49D2D500BABEA5 /* FullScreenCoverImagePickerViews.swift in Sources */,
				3E3421292A74189300CFAD27 /* ImageTrashButtonView.swift in Sources */,
				3E8849BF2A41D5BB00B50BBD /* PersistentOverlays.swift in Sources */,
				3EADA5BA2A43433D00FA1BCB /* GridOverlay.swift in Sources */,
				097274332A4C854B00429786 /* TextObject.swift in Sources */,
				091703FD2A63FF4F0025C0FB /* TemplateLayerObject.swift in Sources */,
				0913C4282A4875E4007AF26E /* DynamicText.swift in Sources */,
				3E222AFA2A659CBD001EC288 /* SliderStepper.swift in Sources */,
				3EADA5A92A432BE900FA1BCB /* MenuButtonsView.swift in Sources */,
				3EDBEBFE2A710806003856DA /* HeartButton.swift in Sources */,
				3E371CDF2A66B10500DE743C /* BatteryCircleGauge.swift in Sources */,
				3ECC34AD2A4C6153008794BC /* ScaleButton.swift in Sources */,
				3E3421272A73F37700CFAD27 /* ImportedImageView.swift in Sources */,
				3EADA5C12A438A5D00FA1BCB /* ZoomModifier.swift in Sources */,
				3EADA5AF2A43300B00FA1BCB /* RunShortcut.swift in Sources */,
				3E83AABE2A6A86E100E344C9 /* CustomShape.swift in Sources */,
				3E8B70012A4CCBBC00242998 /* PressableButtonView.swift in Sources */,
				3EBF30782A6ED557004C12B5 /* BatteryCircleGaugeSettings.swift in Sources */,
				3E8849BD2A41D5A500B50BBD /* BatteryModel.swift in Sources */,
				3EDE6B722A4DB4DD003ACC2B /* URLImagesGallery.swift in Sources */,
				3E73E5272A6E7CB100DBE1D2 /* MapSettings.swift in Sources */,
				3ED771E72A4B185000AFC1FC /* GlassShapeView.swift in Sources */,
				3E546A712A69526500AE1ED7 /* CustomSlider.swift in Sources */,
				097274352A4DDCCB00429786 /* ShadowSettings.swift in Sources */,
				3EFAB1832A45C8CF001A9BC7 /* SheetPresentedViews.swift in Sources */,
				3E546A732A69672100AE1ED7 /* SettingsFonts.swift in Sources */,
				3EBF306C2A6EBE3D004C12B5 /* CustomPresentation.swift in Sources */,
				3E8849C72A41D66400B50BBD /* ShowBoardView.swift in Sources */,
				3E41D3162A42EB6A00A29548 /* WeatherKitModel.swift in Sources */,
				0940CCF32A6860DC009CE54C /* LayerObjectType.swift in Sources */,
				3E8849B52A41D49400B50BBD /* LocationDataManager.swift in Sources */,
				3ECBE3602A6E9D8C004B59F2 /* GlassShapeSettings.swift in Sources */,
				3EEB89942A49F02300CF42AB /* LayerEditView.swift in Sources */,
				097274372A4DE01700429786 /* LayerObjectAppearanceModifier.swift in Sources */,
				3EADA5AD2A432DD000FA1BCB /* CopyToClipboard.swift in Sources */,
				0913C42F2A4882E3007AF26E /* WeatherConditionAsset.swift in Sources */,
				3E88498A2A41D47800B50BBD /* ShowBoardApp.swift in Sources */,
				3ECC34AF2A4C619F008794BC /* MicroControlsView.swift in Sources */,
				3ECC34972A4C1F6B008794BC /* MapView.swift in Sources */,
				3ECC34A82A4C40A3008794BC /* PositionButton.swift in Sources */,
				091703FB2A63FEB10025C0FB /* CustomShapeObject.swift in Sources */,
				3EADA5B62A433EBF00FA1BCB /* WidgetModifier.swift in Sources */,
				3ED771EB2A4B356C00AFC1FC /* LayerBackButton.swift in Sources */,
				3EADA5C32A438EDF00FA1BCB /* RotateModifier.swift in Sources */,
				3ECC34B12A4C6905008794BC /* VerticalDragModifier.swift in Sources */,
				3E371CE42A66C8FF00DE743C /* CustomToggle.swift in Sources */,
				3E371CD72A66807A00DE743C /* Feedback.swift in Sources */,
				3EBF306E2A6EC9A8004C12B5 /* CustomBlendModePicker.swift in Sources */,
				097274312A4C820C00429786 /* LayerObject+Appearance.swift in Sources */,
				3ED771E02A4AEE6B00AFC1FC /* CustomShapeView.swift in Sources */,
				3ECBE35E2A6E94FD004B59F2 /* TransparentBlurView.swift in Sources */,
				3E83AABC2A6A848A00E344C9 /* SliderStepperDegrees.swift in Sources */,
			);
			runOnlyForDeploymentPostprocessing = 0;
		};
		3E8849932A41D47800B50BBD /* Sources */ = {
			isa = PBXSourcesBuildPhase;
			buildActionMask = 2147483647;
			files = (
				3E88499C2A41D47800B50BBD /* ShowBoardTests.swift in Sources */,
			);
			runOnlyForDeploymentPostprocessing = 0;
		};
		3E88499D2A41D47800B50BBD /* Sources */ = {
			isa = PBXSourcesBuildPhase;
			buildActionMask = 2147483647;
			files = (
				3E8849A82A41D47800B50BBD /* ShowBoardUITestsLaunchTests.swift in Sources */,
				3E8849A62A41D47800B50BBD /* ShowBoardUITests.swift in Sources */,
			);
			runOnlyForDeploymentPostprocessing = 0;
		};
/* End PBXSourcesBuildPhase section */

/* Begin PBXTargetDependency section */
		3E8849992A41D47800B50BBD /* PBXTargetDependency */ = {
			isa = PBXTargetDependency;
			target = 3E8849852A41D47800B50BBD /* ShowBoard */;
			targetProxy = 3E8849982A41D47800B50BBD /* PBXContainerItemProxy */;
		};
		3E8849A32A41D47800B50BBD /* PBXTargetDependency */ = {
			isa = PBXTargetDependency;
			target = 3E8849852A41D47800B50BBD /* ShowBoard */;
			targetProxy = 3E8849A22A41D47800B50BBD /* PBXContainerItemProxy */;
		};
/* End PBXTargetDependency section */

/* Begin XCBuildConfiguration section */
		3E8849A92A41D47800B50BBD /* Debug */ = {
			isa = XCBuildConfiguration;
			buildSettings = {
				ALWAYS_SEARCH_USER_PATHS = NO;
				ASSETCATALOG_COMPILER_GENERATE_SWIFT_ASSET_SYMBOL_EXTENSIONS = YES;
				CLANG_ANALYZER_NONNULL = YES;
				CLANG_ANALYZER_NUMBER_OBJECT_CONVERSION = YES_AGGRESSIVE;
				CLANG_CXX_LANGUAGE_STANDARD = "gnu++20";
				CLANG_ENABLE_MODULES = YES;
				CLANG_ENABLE_OBJC_ARC = YES;
				CLANG_ENABLE_OBJC_WEAK = YES;
				CLANG_WARN_BLOCK_CAPTURE_AUTORELEASING = YES;
				CLANG_WARN_BOOL_CONVERSION = YES;
				CLANG_WARN_COMMA = YES;
				CLANG_WARN_CONSTANT_CONVERSION = YES;
				CLANG_WARN_DEPRECATED_OBJC_IMPLEMENTATIONS = YES;
				CLANG_WARN_DIRECT_OBJC_ISA_USAGE = YES_ERROR;
				CLANG_WARN_DOCUMENTATION_COMMENTS = YES;
				CLANG_WARN_EMPTY_BODY = YES;
				CLANG_WARN_ENUM_CONVERSION = YES;
				CLANG_WARN_INFINITE_RECURSION = YES;
				CLANG_WARN_INT_CONVERSION = YES;
				CLANG_WARN_NON_LITERAL_NULL_CONVERSION = YES;
				CLANG_WARN_OBJC_IMPLICIT_RETAIN_SELF = YES;
				CLANG_WARN_OBJC_LITERAL_CONVERSION = YES;
				CLANG_WARN_OBJC_ROOT_CLASS = YES_ERROR;
				CLANG_WARN_QUOTED_INCLUDE_IN_FRAMEWORK_HEADER = YES;
				CLANG_WARN_RANGE_LOOP_ANALYSIS = YES;
				CLANG_WARN_STRICT_PROTOTYPES = YES;
				CLANG_WARN_SUSPICIOUS_MOVE = YES;
				CLANG_WARN_UNGUARDED_AVAILABILITY = YES_AGGRESSIVE;
				CLANG_WARN_UNREACHABLE_CODE = YES;
				CLANG_WARN__DUPLICATE_METHOD_MATCH = YES;
				COPY_PHASE_STRIP = NO;
				DEBUG_INFORMATION_FORMAT = dwarf;
				ENABLE_STRICT_OBJC_MSGSEND = YES;
				ENABLE_TESTABILITY = YES;
				ENABLE_USER_SCRIPT_SANDBOXING = YES;
				GCC_C_LANGUAGE_STANDARD = gnu17;
				GCC_DYNAMIC_NO_PIC = NO;
				GCC_NO_COMMON_BLOCKS = YES;
				GCC_OPTIMIZATION_LEVEL = 0;
				GCC_PREPROCESSOR_DEFINITIONS = (
					"DEBUG=1",
					"$(inherited)",
				);
				GCC_WARN_64_TO_32_BIT_CONVERSION = YES;
				GCC_WARN_ABOUT_RETURN_TYPE = YES_ERROR;
				GCC_WARN_UNDECLARED_SELECTOR = YES;
				GCC_WARN_UNINITIALIZED_AUTOS = YES_AGGRESSIVE;
				GCC_WARN_UNUSED_FUNCTION = YES;
				GCC_WARN_UNUSED_VARIABLE = YES;
				LOCALIZATION_PREFERS_STRING_CATALOGS = YES;
				MTL_ENABLE_DEBUG_INFO = INCLUDE_SOURCE;
				MTL_FAST_MATH = YES;
				ONLY_ACTIVE_ARCH = YES;
				SWIFT_ACTIVE_COMPILATION_CONDITIONS = "DEBUG $(inherited)";
				SWIFT_OPTIMIZATION_LEVEL = "-Onone";
			};
			name = Debug;
		};
		3E8849AA2A41D47800B50BBD /* Release */ = {
			isa = XCBuildConfiguration;
			buildSettings = {
				ALWAYS_SEARCH_USER_PATHS = NO;
				ASSETCATALOG_COMPILER_GENERATE_SWIFT_ASSET_SYMBOL_EXTENSIONS = YES;
				CLANG_ANALYZER_NONNULL = YES;
				CLANG_ANALYZER_NUMBER_OBJECT_CONVERSION = YES_AGGRESSIVE;
				CLANG_CXX_LANGUAGE_STANDARD = "gnu++20";
				CLANG_ENABLE_MODULES = YES;
				CLANG_ENABLE_OBJC_ARC = YES;
				CLANG_ENABLE_OBJC_WEAK = YES;
				CLANG_WARN_BLOCK_CAPTURE_AUTORELEASING = YES;
				CLANG_WARN_BOOL_CONVERSION = YES;
				CLANG_WARN_COMMA = YES;
				CLANG_WARN_CONSTANT_CONVERSION = YES;
				CLANG_WARN_DEPRECATED_OBJC_IMPLEMENTATIONS = YES;
				CLANG_WARN_DIRECT_OBJC_ISA_USAGE = YES_ERROR;
				CLANG_WARN_DOCUMENTATION_COMMENTS = YES;
				CLANG_WARN_EMPTY_BODY = YES;
				CLANG_WARN_ENUM_CONVERSION = YES;
				CLANG_WARN_INFINITE_RECURSION = YES;
				CLANG_WARN_INT_CONVERSION = YES;
				CLANG_WARN_NON_LITERAL_NULL_CONVERSION = YES;
				CLANG_WARN_OBJC_IMPLICIT_RETAIN_SELF = YES;
				CLANG_WARN_OBJC_LITERAL_CONVERSION = YES;
				CLANG_WARN_OBJC_ROOT_CLASS = YES_ERROR;
				CLANG_WARN_QUOTED_INCLUDE_IN_FRAMEWORK_HEADER = YES;
				CLANG_WARN_RANGE_LOOP_ANALYSIS = YES;
				CLANG_WARN_STRICT_PROTOTYPES = YES;
				CLANG_WARN_SUSPICIOUS_MOVE = YES;
				CLANG_WARN_UNGUARDED_AVAILABILITY = YES_AGGRESSIVE;
				CLANG_WARN_UNREACHABLE_CODE = YES;
				CLANG_WARN__DUPLICATE_METHOD_MATCH = YES;
				COPY_PHASE_STRIP = NO;
				DEBUG_INFORMATION_FORMAT = "dwarf-with-dsym";
				ENABLE_NS_ASSERTIONS = NO;
				ENABLE_STRICT_OBJC_MSGSEND = YES;
				ENABLE_USER_SCRIPT_SANDBOXING = YES;
				GCC_C_LANGUAGE_STANDARD = gnu17;
				GCC_NO_COMMON_BLOCKS = YES;
				GCC_WARN_64_TO_32_BIT_CONVERSION = YES;
				GCC_WARN_ABOUT_RETURN_TYPE = YES_ERROR;
				GCC_WARN_UNDECLARED_SELECTOR = YES;
				GCC_WARN_UNINITIALIZED_AUTOS = YES_AGGRESSIVE;
				GCC_WARN_UNUSED_FUNCTION = YES;
				GCC_WARN_UNUSED_VARIABLE = YES;
				LOCALIZATION_PREFERS_STRING_CATALOGS = YES;
				MTL_ENABLE_DEBUG_INFO = NO;
				MTL_FAST_MATH = YES;
				SWIFT_COMPILATION_MODE = wholemodule;
			};
			name = Release;
		};
		3E8849AC2A41D47800B50BBD /* Debug */ = {
			isa = XCBuildConfiguration;
			buildSettings = {
				ASSETCATALOG_COMPILER_APPICON_NAME = AppIcon;
				ASSETCATALOG_COMPILER_GLOBAL_ACCENT_COLOR_NAME = AccentColor;
				CODE_SIGN_ENTITLEMENTS = ShowBoard/ShowBoard.entitlements;
				CODE_SIGN_STYLE = Automatic;
				CURRENT_PROJECT_VERSION = 0.0.12;
				DEVELOPMENT_ASSET_PATHS = "\"ShowBoard/Preview Content\"";
				DEVELOPMENT_TEAM = V53QHKZTNF;
				ENABLE_HARDENED_RUNTIME = YES;
				ENABLE_PREVIEWS = YES;
				GENERATE_INFOPLIST_FILE = YES;
				INFOPLIST_FILE = ShowBoard/Info.plist;
				INFOPLIST_KEY_NSLocationWhenInUseUsageDescription = "Uses location for accurate weather info";
				INFOPLIST_KEY_NSPhotoLibraryAddUsageDescription = "save wallpaper to photos";
				"INFOPLIST_KEY_UIApplicationSceneManifest_Generation[sdk=iphoneos*]" = YES;
				"INFOPLIST_KEY_UIApplicationSceneManifest_Generation[sdk=iphonesimulator*]" = YES;
				"INFOPLIST_KEY_UIApplicationSupportsIndirectInputEvents[sdk=iphoneos*]" = YES;
				"INFOPLIST_KEY_UIApplicationSupportsIndirectInputEvents[sdk=iphonesimulator*]" = YES;
				"INFOPLIST_KEY_UILaunchScreen_Generation[sdk=iphoneos*]" = YES;
				"INFOPLIST_KEY_UILaunchScreen_Generation[sdk=iphonesimulator*]" = YES;
				"INFOPLIST_KEY_UIStatusBarStyle[sdk=iphoneos*]" = UIStatusBarStyleDefault;
				"INFOPLIST_KEY_UIStatusBarStyle[sdk=iphonesimulator*]" = UIStatusBarStyleDefault;
				INFOPLIST_KEY_UISupportedInterfaceOrientations = "UIInterfaceOrientationPortrait UIInterfaceOrientationPortraitUpsideDown";
				INFOPLIST_KEY_UISupportedInterfaceOrientations_iPad = "UIInterfaceOrientationLandscapeLeft UIInterfaceOrientationLandscapeRight UIInterfaceOrientationPortrait UIInterfaceOrientationPortraitUpsideDown";
				IPHONEOS_DEPLOYMENT_TARGET = 16.4;
				LD_RUNPATH_SEARCH_PATHS = "@executable_path/Frameworks";
				"LD_RUNPATH_SEARCH_PATHS[sdk=macosx*]" = "@executable_path/../Frameworks";
				MACOSX_DEPLOYMENT_TARGET = 13.4;
				MARKETING_VERSION = 1.0;
				PRODUCT_BUNDLE_IDENTIFIER = show.showboard.app;
				PRODUCT_NAME = "$(TARGET_NAME)";
				SDKROOT = auto;
				SUPPORTED_PLATFORMS = "iphoneos iphonesimulator";
				SUPPORTS_MACCATALYST = NO;
				SUPPORTS_MAC_DESIGNED_FOR_IPHONE_IPAD = NO;
				SWIFT_EMIT_LOC_STRINGS = YES;
				SWIFT_VERSION = 5.0;
				TARGETED_DEVICE_FAMILY = "1,2";
			};
			name = Debug;
		};
		3E8849AD2A41D47800B50BBD /* Release */ = {
			isa = XCBuildConfiguration;
			buildSettings = {
				ASSETCATALOG_COMPILER_APPICON_NAME = AppIcon;
				ASSETCATALOG_COMPILER_GLOBAL_ACCENT_COLOR_NAME = AccentColor;
				CODE_SIGN_ENTITLEMENTS = ShowBoard/ShowBoard.entitlements;
				CODE_SIGN_STYLE = Automatic;
				CURRENT_PROJECT_VERSION = 0.0.12;
				DEVELOPMENT_ASSET_PATHS = "\"ShowBoard/Preview Content\"";
				DEVELOPMENT_TEAM = V53QHKZTNF;
				ENABLE_HARDENED_RUNTIME = YES;
				ENABLE_PREVIEWS = YES;
				GENERATE_INFOPLIST_FILE = YES;
				INFOPLIST_FILE = ShowBoard/Info.plist;
				INFOPLIST_KEY_NSLocationWhenInUseUsageDescription = "Uses location for accurate weather info";
				INFOPLIST_KEY_NSPhotoLibraryAddUsageDescription = "save wallpaper to photos";
				"INFOPLIST_KEY_UIApplicationSceneManifest_Generation[sdk=iphoneos*]" = YES;
				"INFOPLIST_KEY_UIApplicationSceneManifest_Generation[sdk=iphonesimulator*]" = YES;
				"INFOPLIST_KEY_UIApplicationSupportsIndirectInputEvents[sdk=iphoneos*]" = YES;
				"INFOPLIST_KEY_UIApplicationSupportsIndirectInputEvents[sdk=iphonesimulator*]" = YES;
				"INFOPLIST_KEY_UILaunchScreen_Generation[sdk=iphoneos*]" = YES;
				"INFOPLIST_KEY_UILaunchScreen_Generation[sdk=iphonesimulator*]" = YES;
				"INFOPLIST_KEY_UIStatusBarStyle[sdk=iphoneos*]" = UIStatusBarStyleDefault;
				"INFOPLIST_KEY_UIStatusBarStyle[sdk=iphonesimulator*]" = UIStatusBarStyleDefault;
				INFOPLIST_KEY_UISupportedInterfaceOrientations = "UIInterfaceOrientationPortrait UIInterfaceOrientationPortraitUpsideDown";
				INFOPLIST_KEY_UISupportedInterfaceOrientations_iPad = "UIInterfaceOrientationLandscapeLeft UIInterfaceOrientationLandscapeRight UIInterfaceOrientationPortrait UIInterfaceOrientationPortraitUpsideDown";
				IPHONEOS_DEPLOYMENT_TARGET = 16.4;
				LD_RUNPATH_SEARCH_PATHS = "@executable_path/Frameworks";
				"LD_RUNPATH_SEARCH_PATHS[sdk=macosx*]" = "@executable_path/../Frameworks";
				MACOSX_DEPLOYMENT_TARGET = 13.4;
				MARKETING_VERSION = 1.0;
				PRODUCT_BUNDLE_IDENTIFIER = show.showboard.app;
				PRODUCT_NAME = "$(TARGET_NAME)";
				SDKROOT = auto;
				SUPPORTED_PLATFORMS = "iphoneos iphonesimulator";
				SUPPORTS_MACCATALYST = NO;
				SUPPORTS_MAC_DESIGNED_FOR_IPHONE_IPAD = NO;
				SWIFT_EMIT_LOC_STRINGS = YES;
				SWIFT_VERSION = 5.0;
				TARGETED_DEVICE_FAMILY = "1,2";
			};
			name = Release;
		};
		3E8849AF2A41D47800B50BBD /* Debug */ = {
			isa = XCBuildConfiguration;
			buildSettings = {
				ALWAYS_EMBED_SWIFT_STANDARD_LIBRARIES = YES;
				BUNDLE_LOADER = "$(TEST_HOST)";
				CODE_SIGN_STYLE = Automatic;
				CURRENT_PROJECT_VERSION = 1;
				DEVELOPMENT_TEAM = V53QHKZTNF;
				GENERATE_INFOPLIST_FILE = YES;
				IPHONEOS_DEPLOYMENT_TARGET = 17.0;
				MACOSX_DEPLOYMENT_TARGET = 13.4;
				MARKETING_VERSION = 1.0;
				PRODUCT_BUNDLE_IDENTIFIER = show.showboard.app.ShowBoardTests;
				"PRODUCT_BUNDLE_IDENTIFIER[sdk=iphoneos*]" = show.showboard.app;
				PRODUCT_NAME = "$(TARGET_NAME)";
				SDKROOT = auto;
				SUPPORTED_PLATFORMS = "iphoneos iphonesimulator";
				SUPPORTS_MACCATALYST = NO;
				SUPPORTS_MAC_DESIGNED_FOR_IPHONE_IPAD = NO;
				SWIFT_EMIT_LOC_STRINGS = NO;
				SWIFT_VERSION = 5.0;
				TARGETED_DEVICE_FAMILY = "1,2";
				TEST_HOST = "$(BUILT_PRODUCTS_DIR)/ShowBoard.app/$(BUNDLE_EXECUTABLE_FOLDER_PATH)/ShowBoard";
			};
			name = Debug;
		};
		3E8849B02A41D47800B50BBD /* Release */ = {
			isa = XCBuildConfiguration;
			buildSettings = {
				ALWAYS_EMBED_SWIFT_STANDARD_LIBRARIES = YES;
				BUNDLE_LOADER = "$(TEST_HOST)";
				CODE_SIGN_STYLE = Automatic;
				CURRENT_PROJECT_VERSION = 1;
				DEVELOPMENT_TEAM = V53QHKZTNF;
				GENERATE_INFOPLIST_FILE = YES;
				IPHONEOS_DEPLOYMENT_TARGET = 17.0;
				MACOSX_DEPLOYMENT_TARGET = 13.4;
				MARKETING_VERSION = 1.0;
				PRODUCT_BUNDLE_IDENTIFIER = show.showboard.app.ShowBoardTests;
				"PRODUCT_BUNDLE_IDENTIFIER[sdk=iphoneos*]" = show.showboard.app;
				PRODUCT_NAME = "$(TARGET_NAME)";
				SDKROOT = auto;
				SUPPORTED_PLATFORMS = "iphoneos iphonesimulator";
				SUPPORTS_MACCATALYST = NO;
				SUPPORTS_MAC_DESIGNED_FOR_IPHONE_IPAD = NO;
				SWIFT_EMIT_LOC_STRINGS = NO;
				SWIFT_VERSION = 5.0;
				TARGETED_DEVICE_FAMILY = "1,2";
				TEST_HOST = "$(BUILT_PRODUCTS_DIR)/ShowBoard.app/$(BUNDLE_EXECUTABLE_FOLDER_PATH)/ShowBoard";
			};
			name = Release;
		};
		3E8849B22A41D47800B50BBD /* Debug */ = {
			isa = XCBuildConfiguration;
			buildSettings = {
				ALWAYS_EMBED_SWIFT_STANDARD_LIBRARIES = YES;
				CODE_SIGN_STYLE = Automatic;
				CURRENT_PROJECT_VERSION = 1;
				DEVELOPMENT_TEAM = V53QHKZTNF;
				GENERATE_INFOPLIST_FILE = YES;
				IPHONEOS_DEPLOYMENT_TARGET = 17.0;
				MACOSX_DEPLOYMENT_TARGET = 13.4;
				MARKETING_VERSION = 1.0;
				PRODUCT_BUNDLE_IDENTIFIER = show.showboard.app.ShowBoardUITests;
				PRODUCT_NAME = "$(TARGET_NAME)";
				SDKROOT = auto;
				SUPPORTED_PLATFORMS = "iphoneos iphonesimulator macosx";
				SWIFT_EMIT_LOC_STRINGS = NO;
				SWIFT_VERSION = 5.0;
				TARGETED_DEVICE_FAMILY = "1,2";
				TEST_TARGET_NAME = ShowBoard;
			};
			name = Debug;
		};
		3E8849B32A41D47800B50BBD /* Release */ = {
			isa = XCBuildConfiguration;
			buildSettings = {
				ALWAYS_EMBED_SWIFT_STANDARD_LIBRARIES = YES;
				CODE_SIGN_STYLE = Automatic;
				CURRENT_PROJECT_VERSION = 1;
				DEVELOPMENT_TEAM = V53QHKZTNF;
				GENERATE_INFOPLIST_FILE = YES;
				IPHONEOS_DEPLOYMENT_TARGET = 17.0;
				MACOSX_DEPLOYMENT_TARGET = 13.4;
				MARKETING_VERSION = 1.0;
				PRODUCT_BUNDLE_IDENTIFIER = show.showboard.app.ShowBoardUITests;
				PRODUCT_NAME = "$(TARGET_NAME)";
				SDKROOT = auto;
				SUPPORTED_PLATFORMS = "iphoneos iphonesimulator macosx";
				SWIFT_EMIT_LOC_STRINGS = NO;
				SWIFT_VERSION = 5.0;
				TARGETED_DEVICE_FAMILY = "1,2";
				TEST_TARGET_NAME = ShowBoard;
			};
			name = Release;
		};
/* End XCBuildConfiguration section */

/* Begin XCConfigurationList section */
		3E8849812A41D47800B50BBD /* Build configuration list for PBXProject "ShowBoard" */ = {
			isa = XCConfigurationList;
			buildConfigurations = (
				3E8849A92A41D47800B50BBD /* Debug */,
				3E8849AA2A41D47800B50BBD /* Release */,
			);
			defaultConfigurationIsVisible = 0;
			defaultConfigurationName = Release;
		};
		3E8849AB2A41D47800B50BBD /* Build configuration list for PBXNativeTarget "ShowBoard" */ = {
			isa = XCConfigurationList;
			buildConfigurations = (
				3E8849AC2A41D47800B50BBD /* Debug */,
				3E8849AD2A41D47800B50BBD /* Release */,
			);
			defaultConfigurationIsVisible = 0;
			defaultConfigurationName = Release;
		};
		3E8849AE2A41D47800B50BBD /* Build configuration list for PBXNativeTarget "ShowBoardTests" */ = {
			isa = XCConfigurationList;
			buildConfigurations = (
				3E8849AF2A41D47800B50BBD /* Debug */,
				3E8849B02A41D47800B50BBD /* Release */,
			);
			defaultConfigurationIsVisible = 0;
			defaultConfigurationName = Release;
		};
		3E8849B12A41D47800B50BBD /* Build configuration list for PBXNativeTarget "ShowBoardUITests" */ = {
			isa = XCConfigurationList;
			buildConfigurations = (
				3E8849B22A41D47800B50BBD /* Debug */,
				3E8849B32A41D47800B50BBD /* Release */,
			);
			defaultConfigurationIsVisible = 0;
			defaultConfigurationName = Release;
		};
/* End XCConfigurationList section */
	};
	rootObject = 3E88497E2A41D47800B50BBD /* Project object */;
}
